
Microsoft Visual Studio Solution File, Format Version 12.00
# Visual Studio Version 17
VisualStudioVersion = 17.10.35027.167
MinimumVisualStudioVersion = 10.0.40219.1
Project("{FAE04EC0-301F-11D3-BF4B-00C04F79EFBC}") = "Laundry_Nunez", "Laundry_Nunez\Laundry_Nunez.csproj", "{CC6A430C-2EF9-4A95-B9F4-59C25EF90D4A}"
EndProject
Global
	GlobalSection(SolutionConfigurationPlatforms) = preSolution
		Debug|Any CPU = Debug|Any CPU
		Release|Any CPU = Release|Any CPU
	EndGlobalSection
	GlobalSection(ProjectConfigurationPlatforms) = postSolution
		{CC6A430C-2EF9-4A95-B9F4-59C25EF90D4A}.Debug|Any CPU.ActiveCfg = Debug|Any CPU
		{CC6A430C-2EF9-4A95-B9F4-59C25EF90D4A}.Debug|Any CPU.Build.0 = Debug|Any CPU
		{CC6A430C-2EF9-4A95-B9F4-59C25EF90D4A}.Release|Any CPU.ActiveCfg = Release|Any CPU
		{CC6A430C-2EF9-4A95-B9F4-59C25EF90D4A}.Release|Any CPU.Build.0 = Release|Any CPU
	EndGlobalSection
	GlobalSection(SolutionProperties) = preSolution
		HideSolutionNode = FALSE
	EndGlobalSection
	GlobalSection(ExtensibilityGlobals) = postSolution
		SolutionGuid = {D3DDCD44-D05D-48B3-BBF7-2651DCBD1FC5}
	EndGlobalSection
EndGlobal
